
Microsoft Visual Studio Solution File, Format Version 12.00
# Visual Studio Version 17
VisualStudioVersion = 17.4.33213.308
MinimumVisualStudioVersion = 10.0.40219.1
Project("{9A19103F-16F7-4668-BE54-9A1E7A4F7556}") = "Marketing.Api", "Marketing.Api\Marketing.Api.csproj", "{0041883B-6868-4595-9B94-52D966E80573}"
EndProject
Project("{9A19103F-16F7-4668-BE54-9A1E7A4F7556}") = "Marketing.Application", "Marketing.Application\Marketing.Application.csproj", "{38329C71-3EDF-44D8-BCB1-0F4986D70E4A}"
EndProject
Project("{9A19103F-16F7-4668-BE54-9A1E7A4F7556}") = "Marketing.Application.Domain", "Marketing.Application.Domain\Marketing.Application.Domain.csproj", "{B6D0F7FA-0DD6-4563-BCED-464937CD697F}"
EndProject
Project("{9A19103F-16F7-4668-BE54-9A1E7A4F7556}") = "Marketing.Infrastructure", "Marketing.Infrastructure\Marketing.Infrastructure.csproj", "{A44DBDED-2124-4491-AE20-0A7D6AAAA9A2}"
EndProject
Project("{9A19103F-16F7-4668-BE54-9A1E7A4F7556}") = "Marketing.Infrastructure.Domain", "Marketing.Infrastructure.Domain\Marketing.Infrastructure.Domain.csproj", "{FB29E7F2-E87C-44ED-9337-2F61360FEF78}"
EndProject
Project("{9A19103F-16F7-4668-BE54-9A1E7A4F7556}") = "Tests", "Tests\Tests.csproj", "{F31F7803-5DCA-48A1-8FC2-D35345D00DE3}"
EndProject
Project("{2150E333-8FDC-42A3-9474-1A3956D46DE8}") = "Solution Items", "Solution Items", "{9DFDED50-07B1-40F1-9415-B033341ED51B}"
	ProjectSection(SolutionItems) = preProject
		create-marketingintake-table.sql = create-marketingintake-table.sql
		create-renew-lead-statusreason.sql = create-renew-lead-statusreason.sql
		Marketing API.postman_collection.json = Marketing API.postman_collection.json
		sample-halda-wheelchair-request.http = sample-halda-wheelchair-request.http
	EndProjectSection
EndProject
Global
	GlobalSection(SolutionConfigurationPlatforms) = preSolution
		Debug|Any CPU = Debug|Any CPU
		Release|Any CPU = Release|Any CPU
	EndGlobalSection
	GlobalSection(ProjectConfigurationPlatforms) = postSolution
		{0041883B-6868-4595-9B94-52D966E80573}.Debug|Any CPU.ActiveCfg = Debug|Any CPU
		{0041883B-6868-4595-9B94-52D966E80573}.Debug|Any CPU.Build.0 = Debug|Any CPU
		{0041883B-6868-4595-9B94-52D966E80573}.Release|Any CPU.ActiveCfg = Release|Any CPU
		{0041883B-6868-4595-9B94-52D966E80573}.Release|Any CPU.Build.0 = Release|Any CPU
		{38329C71-3EDF-44D8-BCB1-0F4986D70E4A}.Debug|Any CPU.ActiveCfg = Debug|Any CPU
		{38329C71-3EDF-44D8-BCB1-0F4986D70E4A}.Debug|Any CPU.Build.0 = Debug|Any CPU
		{38329C71-3EDF-44D8-BCB1-0F4986D70E4A}.Release|Any CPU.ActiveCfg = Release|Any CPU
		{38329C71-3EDF-44D8-BCB1-0F4986D70E4A}.Release|Any CPU.Build.0 = Release|Any CPU
		{B6D0F7FA-0DD6-4563-BCED-464937CD697F}.Debug|Any CPU.ActiveCfg = Debug|Any CPU
		{B6D0F7FA-0DD6-4563-BCED-464937CD697F}.Debug|Any CPU.Build.0 = Debug|Any CPU
		{B6D0F7FA-0DD6-4563-BCED-464937CD697F}.Release|Any CPU.ActiveCfg = Release|Any CPU
		{B6D0F7FA-0DD6-4563-BCED-464937CD697F}.Release|Any CPU.Build.0 = Release|Any CPU
		{A44DBDED-2124-4491-AE20-0A7D6AAAA9A2}.Debug|Any CPU.ActiveCfg = Debug|Any CPU
		{A44DBDED-2124-4491-AE20-0A7D6AAAA9A2}.Debug|Any CPU.Build.0 = Debug|Any CPU
		{A44DBDED-2124-4491-AE20-0A7D6AAAA9A2}.Release|Any CPU.ActiveCfg = Release|Any CPU
		{A44DBDED-2124-4491-AE20-0A7D6AAAA9A2}.Release|Any CPU.Build.0 = Release|Any CPU
		{FB29E7F2-E87C-44ED-9337-2F61360FEF78}.Debug|Any CPU.ActiveCfg = Debug|Any CPU
		{FB29E7F2-E87C-44ED-9337-2F61360FEF78}.Debug|Any CPU.Build.0 = Debug|Any CPU
		{FB29E7F2-E87C-44ED-9337-2F61360FEF78}.Release|Any CPU.ActiveCfg = Release|Any CPU
		{FB29E7F2-E87C-44ED-9337-2F61360FEF78}.Release|Any CPU.Build.0 = Release|Any CPU
		{F31F7803-5DCA-48A1-8FC2-D35345D00DE3}.Debug|Any CPU.ActiveCfg = Debug|Any CPU
		{F31F7803-5DCA-48A1-8FC2-D35345D00DE3}.Debug|Any CPU.Build.0 = Debug|Any CPU
		{F31F7803-5DCA-48A1-8FC2-D35345D00DE3}.Release|Any CPU.ActiveCfg = Release|Any CPU
		{F31F7803-5DCA-48A1-8FC2-D35345D00DE3}.Release|Any CPU.Build.0 = Release|Any CPU
	EndGlobalSection
	GlobalSection(SolutionProperties) = preSolution
		HideSolutionNode = FALSE
	EndGlobalSection
	GlobalSection(ExtensibilityGlobals) = postSolution
		SolutionGuid = {8A98E321-29C7-4ED1-88C3-030DA9DD7989}
	EndGlobalSection
EndGlobal
